// !$*UTF8*$!
{
	archiveVersion = 1;
	classes = {
	};
	objectVersion = 50;
	objects = {

/* Begin PBXBuildFile section */
		6915F8AF218451370014E827 /* Server.cpp in Sources */ = {isa = PBXBuildFile; fileRef = 6915F8AD218451370014E827 /* Server.cpp */; };
		6915F8B0218451370014E827 /* main.cpp in Sources */ = {isa = PBXBuildFile; fileRef = 6915F8AE218451370014E827 /* main.cpp */; };
		698D110C2183C9A900FBFDF7 /* CrossPlatSock in CopyFiles */ = {isa = PBXBuildFile; fileRef = 698D10FC2183BF9000FBFDF7 /* CrossPlatSock */; };
		69D1BA4921850F34002EF720 /* Client.cpp in Sources */ = {isa = PBXBuildFile; fileRef = 69D1BA4721850F34002EF720 /* Client.cpp */; };
/* End PBXBuildFile section */

/* Begin PBXCopyFilesBuildPhase section */
		698D10FA2183BF9000FBFDF7 /* CopyFiles */ = {
			isa = PBXCopyFilesBuildPhase;
			buildActionMask = 12;
			dstPath = "/Volumes/StorEDGE/Alby/Programming/C++/socket/cross-plataform-socket/bin";
			dstSubfolderSpec = 0;
			files = (
				698D110C2183C9A900FBFDF7 /* CrossPlatSock in CopyFiles */,
			);
			runOnlyForDeploymentPostprocessing = 0;
		};
/* End PBXCopyFilesBuildPhase section */

/* Begin PBXFileReference section */
		6915F8AC218451370014E827 /* Server.h */ = {isa = PBXFileReference; fileEncoding = 4; lastKnownFileType = sourcecode.c.h; path = Server.h; sourceTree = "<group>"; };
		6915F8AD218451370014E827 /* Server.cpp */ = {isa = PBXFileReference; fileEncoding = 4; lastKnownFileType = sourcecode.cpp.cpp; path = Server.cpp; sourceTree = "<group>"; };
		6915F8AE218451370014E827 /* main.cpp */ = {isa = PBXFileReference; fileEncoding = 4; lastKnownFileType = sourcecode.cpp.cpp; path = main.cpp; sourceTree = "<group>"; };
		698D10FC2183BF9000FBFDF7 /* CrossPlatSock */ = {isa = PBXFileReference; explicitFileType = "compiled.mach-o.executable"; includeInIndex = 0; path = CrossPlatSock; sourceTree = BUILT_PRODUCTS_DIR; };
		69D1BA4721850F34002EF720 /* Client.cpp */ = {isa = PBXFileReference; lastKnownFileType = sourcecode.cpp.cpp; path = Client.cpp; sourceTree = "<group>"; };
		69D1BA4821850F34002EF720 /* Client.h */ = {isa = PBXFileReference; lastKnownFileType = sourcecode.c.h; path = Client.h; sourceTree = "<group>"; };
/* End PBXFileReference section */

/* Begin PBXFrameworksBuildPhase section */
		698D10F92183BF9000FBFDF7 /* Frameworks */ = {
			isa = PBXFrameworksBuildPhase;
			buildActionMask = 2147483647;
			files = (
			);
			runOnlyForDeploymentPostprocessing = 0;
		};
/* End PBXFrameworksBuildPhase section */

/* Begin PBXGroup section */
		698D10F32183BF9000FBFDF7 = {
			isa = PBXGroup;
			children = (
				698D10FE2183BF9000FBFDF7 /* XcPrj */,
				698D10FD2183BF9000FBFDF7 /* Products */,
			);
			sourceTree = "<group>";
		};
		698D10FD2183BF9000FBFDF7 /* Products */ = {
			isa = PBXGroup;
			children = (
				698D10FC2183BF9000FBFDF7 /* CrossPlatSock */,
			);
			name = Products;
			path = ../../bin;
			sourceTree = "<group>";
		};
		698D10FE2183BF9000FBFDF7 /* XcPrj */ = {
			isa = PBXGroup;
			children = (
				6915F8AE218451370014E827 /* main.cpp */,
				6915F8AD218451370014E827 /* Server.cpp */,
				6915F8AC218451370014E827 /* Server.h */,
				69D1BA4721850F34002EF720 /* Client.cpp */,
				69D1BA4821850F34002EF720 /* Client.h */,
			);
			name = XcPrj;
			path = ../../src;
			sourceTree = "<group>";
		};
/* End PBXGroup section */

/* Begin PBXNativeTarget section */
		698D10FB2183BF9000FBFDF7 /* XcPrj */ = {
			isa = PBXNativeTarget;
			buildConfigurationList = 698D11032183BF9100FBFDF7 /* Build configuration list for PBXNativeTarget "XcPrj" */;
			buildPhases = (
				698D10F82183BF9000FBFDF7 /* Sources */,
				698D10F92183BF9000FBFDF7 /* Frameworks */,
				698D10FA2183BF9000FBFDF7 /* CopyFiles */,
			);
			buildRules = (
			);
			dependencies = (
			);
			name = XcPrj;
			productName = XcPrj;
			productReference = 698D10FC2183BF9000FBFDF7 /* CrossPlatSock */;
			productType = "com.apple.product-type.tool";
		};
/* End PBXNativeTarget section */

/* Begin PBXProject section */
		698D10F42183BF9000FBFDF7 /* Project object */ = {
			isa = PBXProject;
			attributes = {
				LastUpgradeCheck = 1000;
				ORGANIZATIONNAME = "Alberto Gotta";
				TargetAttributes = {
					698D10FB2183BF9000FBFDF7 = {
						CreatedOnToolsVersion = 10.0;
					};
				};
			};
			buildConfigurationList = 698D10F72183BF9000FBFDF7 /* Build configuration list for PBXProject "XcPrj" */;
			compatibilityVersion = "Xcode 9.3";
			developmentRegion = en;
			hasScannedForEncodings = 0;
			knownRegions = (
				en,
			);
			mainGroup = 698D10F32183BF9000FBFDF7;
			productRefGroup = 698D10FD2183BF9000FBFDF7 /* Products */;
			projectDirPath = "";
			projectRoot = "";
			targets = (
				698D10FB2183BF9000FBFDF7 /* XcPrj */,
			);
		};
/* End PBXProject section */

/* Begin PBXSourcesBuildPhase section */
		698D10F82183BF9000FBFDF7 /* Sources */ = {
			isa = PBXSourcesBuildPhase;
			buildActionMask = 2147483647;
			files = (
				6915F8B0218451370014E827 /* main.cpp in Sources */,
				6915F8AF218451370014E827 /* Server.cpp in Sources */,
				69D1BA4921850F34002EF720 /* Client.cpp in Sources */,
			);
			runOnlyForDeploymentPostprocessing = 0;
		};
/* End PBXSourcesBuildPhase section */

/* Begin XCBuildConfiguration section */
		698D11012183BF9100FBFDF7 /* Debug */ = {
			isa = XCBuildConfiguration;
			buildSettings = {
				ALWAYS_SEARCH_USER_PATHS = NO;
				CLANG_ANALYZER_NONNULL = YES;
				CLANG_ANALYZER_NUMBER_OBJECT_CONVERSION = YES_AGGRESSIVE;
				CLANG_CXX_LANGUAGE_STANDARD = "gnu++14";
				CLANG_CXX_LIBRARY = "libc++";
				CLANG_ENABLE_MODULES = YES;
				CLANG_ENABLE_OBJC_ARC = YES;
				CLANG_ENABLE_OBJC_WEAK = YES;
				CLANG_WARN_BLOCK_CAPTURE_AUTORELEASING = YES;
				CLANG_WARN_BOOL_CONVERSION = YES;
				CLANG_WARN_COMMA = YES;
				CLANG_WARN_CONSTANT_CONVERSION = YES;
				CLANG_WARN_DEPRECATED_OBJC_IMPLEMENTATIONS = YES;
				CLANG_WARN_DIRECT_OBJC_ISA_USAGE = YES_ERROR;
				CLANG_WARN_DOCUMENTATION_COMMENTS = YES;
				CLANG_WARN_EMPTY_BODY = YES;
				CLANG_WARN_ENUM_CONVERSION = YES;
				CLANG_WARN_INFINITE_RECURSION = YES;
				CLANG_WARN_INT_CONVERSION = YES;
				CLANG_WARN_NON_LITERAL_NULL_CONVERSION = YES;
				CLANG_WARN_OBJC_IMPLICIT_RETAIN_SELF = YES;
				CLANG_WARN_OBJC_LITERAL_CONVERSION = YES;
				CLANG_WARN_OBJC_ROOT_CLASS = YES_ERROR;
				CLANG_WARN_RANGE_LOOP_ANALYSIS = YES;
				CLANG_WARN_STRICT_PROTOTYPES = YES;
				CLANG_WARN_SUSPICIOUS_MOVE = YES;
				CLANG_WARN_UNGUARDED_AVAILABILITY = YES_AGGRESSIVE;
				CLANG_WARN_UNREACHABLE_CODE = YES;
				CLANG_WARN__DUPLICATE_METHOD_MATCH = YES;
				CODE_SIGN_IDENTITY = "-";
				COPY_PHASE_STRIP = NO;
				DEBUG_INFORMATION_FORMAT = dwarf;
				ENABLE_STRICT_OBJC_MSGSEND = YES;
				ENABLE_TESTABILITY = YES;
				GCC_C_LANGUAGE_STANDARD = gnu11;
				GCC_DYNAMIC_NO_PIC = NO;
				GCC_NO_COMMON_BLOCKS = YES;
				GCC_OPTIMIZATION_LEVEL = 0;
				GCC_PREPROCESSOR_DEFINITIONS = (
					"DEBUG=1",
					"$(inherited)",
				);
				GCC_WARN_64_TO_32_BIT_CONVERSION = YES;
				GCC_WARN_ABOUT_RETURN_TYPE = YES_ERROR;
				GCC_WARN_UNDECLARED_SELECTOR = YES;
				GCC_WARN_UNINITIALIZED_AUTOS = YES_AGGRESSIVE;
				GCC_WARN_UNUSED_FUNCTION = YES;
				GCC_WARN_UNUSED_VARIABLE = YES;
				MACOSX_DEPLOYMENT_TARGET = 10.14;
				MTL_ENABLE_DEBUG_INFO = INCLUDE_SOURCE;
				MTL_FAST_MATH = YES;
				ONLY_ACTIVE_ARCH = YES;
				SDKROOT = macosx;
			};
			name = Debug;
		};
		698D11022183BF9100FBFDF7 /* Release */ = {
			isa = XCBuildConfiguration;
			buildSettings = {
				ALWAYS_SEARCH_USER_PATHS = NO;
				CLANG_ANALYZER_NONNULL = YES;
				CLANG_ANALYZER_NUMBER_OBJECT_CONVERSION = YES_AGGRESSIVE;
				CLANG_CXX_LANGUAGE_STANDARD = "gnu++14";
				CLANG_CXX_LIBRARY = "libc++";
				CLANG_ENABLE_MODULES = YES;
				CLANG_ENABLE_OBJC_ARC = YES;
				CLANG_ENABLE_OBJC_WEAK = YES;
				CLANG_WARN_BLOCK_CAPTURE_AUTORELEASING = YES;
				CLANG_WARN_BOOL_CONVERSION = YES;
				CLANG_WARN_COMMA = YES;
				CLANG_WARN_CONSTANT_CONVERSION = YES;
				CLANG_WARN_DEPRECATED_OBJC_IMPLEMENTATIONS = YES;
				CLANG_WARN_DIRECT_OBJC_ISA_USAGE = YES_ERROR;
				CLANG_WARN_DOCUMENTATION_COMMENTS = YES;
				CLANG_WARN_EMPTY_BODY = YES;
				CLANG_WARN_ENUM_CONVERSION = YES;
				CLANG_WARN_INFINITE_RECURSION = YES;
				CLANG_WARN_INT_CONVERSION = YES;
				CLANG_WARN_NON_LITERAL_NULL_CONVERSION = YES;
				CLANG_WARN_OBJC_IMPLICIT_RETAIN_SELF = YES;
				CLANG_WARN_OBJC_LITERAL_CONVERSION = YES;
				CLANG_WARN_OBJC_ROOT_CLASS = YES_ERROR;
				CLANG_WARN_RANGE_LOOP_ANALYSIS = YES;
				CLANG_WARN_STRICT_PROTOTYPES = YES;
				CLANG_WARN_SUSPICIOUS_MOVE = YES;
				CLANG_WARN_UNGUARDED_AVAILABILITY = YES_AGGRESSIVE;
				CLANG_WARN_UNREACHABLE_CODE = YES;
				CLANG_WARN__DUPLICATE_METHOD_MATCH = YES;
				CODE_SIGN_IDENTITY = "-";
				COPY_PHASE_STRIP = NO;
				DEBUG_INFORMATION_FORMAT = "dwarf-with-dsym";
				ENABLE_NS_ASSERTIONS = NO;
				ENABLE_STRICT_OBJC_MSGSEND = YES;
				GCC_C_LANGUAGE_STANDARD = gnu11;
				GCC_NO_COMMON_BLOCKS = YES;
				GCC_WARN_64_TO_32_BIT_CONVERSION = YES;
				GCC_WARN_ABOUT_RETURN_TYPE = YES_ERROR;
				GCC_WARN_UNDECLARED_SELECTOR = YES;
				GCC_WARN_UNINITIALIZED_AUTOS = YES_AGGRESSIVE;
				GCC_WARN_UNUSED_FUNCTION = YES;
				GCC_WARN_UNUSED_VARIABLE = YES;
				MACOSX_DEPLOYMENT_TARGET = 10.14;
				MTL_ENABLE_DEBUG_INFO = NO;
				MTL_FAST_MATH = YES;
				SDKROOT = macosx;
			};
			name = Release;
		};
		698D11042183BF9100FBFDF7 /* Debug */ = {
			isa = XCBuildConfiguration;
			buildSettings = {
				CLANG_CXX_LANGUAGE_STANDARD = "c++0x";
				CODE_SIGN_STYLE = Automatic;
				DSTROOT = debug;
				INSTALL_PATH = debug;
				PRODUCT_NAME = CrossPlatSock;
				SYMROOT = "/Volumes/StorEDGE/Alby/Programming/C++/socket/cross-platform-socket/bin";
			};
			name = Debug;
		};
		698D11052183BF9100FBFDF7 /* Release */ = {
			isa = XCBuildConfiguration;
			buildSettings = {
				CLANG_CXX_LANGUAGE_STANDARD = "c++0x";
				CODE_SIGN_STYLE = Automatic;
				DSTROOT = debug;
				INSTALL_PATH = debug;
				PRODUCT_NAME = CrossPlatSock;
				SYMROOT = "/Volumes/StorEDGE/Alby/Programming/C++/socket/cross-platform-socket/bin";
			};
			name = Release;
		};
/* End XCBuildConfiguration section */

/* Begin XCConfigurationList section */
		698D10F72183BF9000FBFDF7 /* Build configuration list for PBXProject "XcPrj" */ = {
			isa = XCConfigurationList;
			buildConfigurations = (
				698D11012183BF9100FBFDF7 /* Debug */,
				698D11022183BF9100FBFDF7 /* Release */,
			);
			defaultConfigurationIsVisible = 0;
			defaultConfigurationName = Release;
		};
		698D11032183BF9100FBFDF7 /* Build configuration list for PBXNativeTarget "XcPrj" */ = {
			isa = XCConfigurationList;
			buildConfigurations = (
				698D11042183BF9100FBFDF7 /* Debug */,
				698D11052183BF9100FBFDF7 /* Release */,
			);
			defaultConfigurationIsVisible = 0;
			defaultConfigurationName = Release;
		};
/* End XCConfigurationList section */
	};
	rootObject = 698D10F42183BF9000FBFDF7 /* Project object */;
}
